
Microsoft Visual Studio Solution File, Format Version 12.00
# Visual Studio Version 17
VisualStudioVersion = 17.1.32210.238
MinimumVisualStudioVersion = 10.0.40219.1
Project("{FAE04EC0-301F-11D3-BF4B-00C04F79EFBC}") = "DoToo.UWP", "DoToo\DoToo.UWP\DoToo.UWP.csproj", "{6426DEB5-E4CA-4196-A308-C6E3412AF37F}"
EndProject
Project("{FAE04EC0-301F-11D3-BF4B-00C04F79EFBC}") = "DoToo.Android", "DoToo\DoToo.Android\DoToo.Android.csproj", "{48E2BF96-1C93-44D0-9F12-FA33A261F64F}"
EndProject
Project("{FAE04EC0-301F-11D3-BF4B-00C04F79EFBC}") = "DoToo.iOS", "DoToo\DoToo.iOS\DoToo.iOS.csproj", "{E4793E34-8CF3-4FA1-A15D-003147466CDD}"
EndProject
Project("{FAE04EC0-301F-11D3-BF4B-00C04F79EFBC}") = "DoToo", "DoToo\DoToo\DoToo.csproj", "{2E0E4AAA-59E6-4850-A2F6-8696B5EF2D7B}"
EndProject
Global
	GlobalSection(SolutionConfigurationPlatforms) = preSolution
		Debug|Any CPU = Debug|Any CPU
		Debug|ARM = Debug|ARM
		Debug|iPhone = Debug|iPhone
		Debug|iPhoneSimulator = Debug|iPhoneSimulator
		Debug|x64 = Debug|x64
		Debug|x86 = Debug|x86
		Release|Any CPU = Release|Any CPU
		Release|ARM = Release|ARM
		Release|iPhone = Release|iPhone
		Release|iPhoneSimulator = Release|iPhoneSimulator
		Release|x64 = Release|x64
		Release|x86 = Release|x86
	EndGlobalSection
	GlobalSection(ProjectConfigurationPlatforms) = postSolution
		{6426DEB5-E4CA-4196-A308-C6E3412AF37F}.Debug|Any CPU.ActiveCfg = Debug|x64
		{6426DEB5-E4CA-4196-A308-C6E3412AF37F}.Debug|Any CPU.Build.0 = Debug|x64
		{6426DEB5-E4CA-4196-A308-C6E3412AF37F}.Debug|Any CPU.Deploy.0 = Debug|x64
		{6426DEB5-E4CA-4196-A308-C6E3412AF37F}.Debug|ARM.ActiveCfg = Debug|ARM
		{6426DEB5-E4CA-4196-A308-C6E3412AF37F}.Debug|ARM.Build.0 = Debug|ARM
		{6426DEB5-E4CA-4196-A308-C6E3412AF37F}.Debug|ARM.Deploy.0 = Debug|ARM
		{6426DEB5-E4CA-4196-A308-C6E3412AF37F}.Debug|iPhone.ActiveCfg = Debug|x64
		{6426DEB5-E4CA-4196-A308-C6E3412AF37F}.Debug|iPhone.Build.0 = Debug|x64
		{6426DEB5-E4CA-4196-A308-C6E3412AF37F}.Debug|iPhone.Deploy.0 = Debug|x64
		{6426DEB5-E4CA-4196-A308-C6E3412AF37F}.Debug|iPhoneSimulator.ActiveCfg = Debug|x64
		{6426DEB5-E4CA-4196-A308-C6E3412AF37F}.Debug|iPhoneSimulator.Build.0 = Debug|x64
		{6426DEB5-E4CA-4196-A308-C6E3412AF37F}.Debug|iPhoneSimulator.Deploy.0 = Debug|x64
		{6426DEB5-E4CA-4196-A308-C6E3412AF37F}.Debug|x64.ActiveCfg = Debug|x64
		{6426DEB5-E4CA-4196-A308-C6E3412AF37F}.Debug|x64.Build.0 = Debug|x64
		{6426DEB5-E4CA-4196-A308-C6E3412AF37F}.Debug|x64.Deploy.0 = Debug|x64
		{6426DEB5-E4CA-4196-A308-C6E3412AF37F}.Debug|x86.ActiveCfg = Debug|x86
		{6426DEB5-E4CA-4196-A308-C6E3412AF37F}.Debug|x86.Build.0 = Debug|x86
		{6426DEB5-E4CA-4196-A308-C6E3412AF37F}.Debug|x86.Deploy.0 = Debug|x86
		{6426DEB5-E4CA-4196-A308-C6E3412AF37F}.Release|Any CPU.ActiveCfg = Release|x64
		{6426DEB5-E4CA-4196-A308-C6E3412AF37F}.Release|Any CPU.Build.0 = Release|x64
		{6426DEB5-E4CA-4196-A308-C6E3412AF37F}.Release|Any CPU.Deploy.0 = Release|x64
		{6426DEB5-E4CA-4196-A308-C6E3412AF37F}.Release|ARM.ActiveCfg = Release|ARM
		{6426DEB5-E4CA-4196-A308-C6E3412AF37F}.Release|ARM.Build.0 = Release|ARM
		{6426DEB5-E4CA-4196-A308-C6E3412AF37F}.Release|ARM.Deploy.0 = Release|ARM
		{6426DEB5-E4CA-4196-A308-C6E3412AF37F}.Release|iPhone.ActiveCfg = Release|x64
		{6426DEB5-E4CA-4196-A308-C6E3412AF37F}.Release|iPhone.Build.0 = Release|x64
		{6426DEB5-E4CA-4196-A308-C6E3412AF37F}.Release|iPhone.Deploy.0 = Release|x64
		{6426DEB5-E4CA-4196-A308-C6E3412AF37F}.Release|iPhoneSimulator.ActiveCfg = Release|x64
		{6426DEB5-E4CA-4196-A308-C6E3412AF37F}.Release|iPhoneSimulator.Build.0 = Release|x64
		{6426DEB5-E4CA-4196-A308-C6E3412AF37F}.Release|iPhoneSimulator.Deploy.0 = Release|x64
		{6426DEB5-E4CA-4196-A308-C6E3412AF37F}.Release|x64.ActiveCfg = Release|x64
		{6426DEB5-E4CA-4196-A308-C6E3412AF37F}.Release|x64.Build.0 = Release|x64
		{6426DEB5-E4CA-4196-A308-C6E3412AF37F}.Release|x64.Deploy.0 = Release|x64
		{6426DEB5-E4CA-4196-A308-C6E3412AF37F}.Release|x86.ActiveCfg = Release|x86
		{6426DEB5-E4CA-4196-A308-C6E3412AF37F}.Release|x86.Build.0 = Release|x86
		{6426DEB5-E4CA-4196-A308-C6E3412AF37F}.Release|x86.Deploy.0 = Release|x86
		{48E2BF96-1C93-44D0-9F12-FA33A261F64F}.Debug|Any CPU.ActiveCfg = Debug|Any CPU
		{48E2BF96-1C93-44D0-9F12-FA33A261F64F}.Debug|Any CPU.Build.0 = Debug|Any CPU
		{48E2BF96-1C93-44D0-9F12-FA33A261F64F}.Debug|Any CPU.Deploy.0 = Debug|Any CPU
		{48E2BF96-1C93-44D0-9F12-FA33A261F64F}.Debug|ARM.ActiveCfg = Debug|Any CPU
		{48E2BF96-1C93-44D0-9F12-FA33A261F64F}.Debug|ARM.Build.0 = Debug|Any CPU
		{48E2BF96-1C93-44D0-9F12-FA33A261F64F}.Debug|ARM.Deploy.0 = Debug|Any CPU
		{48E2BF96-1C93-44D0-9F12-FA33A261F64F}.Debug|iPhone.ActiveCfg = Debug|Any CPU
		{48E2BF96-1C93-44D0-9F12-FA33A261F64F}.Debug|iPhone.Build.0 = Debug|Any CPU
		{48E2BF96-1C93-44D0-9F12-FA33A261F64F}.Debug|iPhone.Deploy.0 = Debug|Any CPU
		{48E2BF96-1C93-44D0-9F12-FA33A261F64F}.Debug|iPhoneSimulator.ActiveCfg = Debug|Any CPU
		{48E2BF96-1C93-44D0-9F12-FA33A261F64F}.Debug|iPhoneSimulator.Build.0 = Debug|Any CPU
		{48E2BF96-1C93-44D0-9F12-FA33A261F64F}.Debug|iPhoneSimulator.Deploy.0 = Debug|Any CPU
		{48E2BF96-1C93-44D0-9F12-FA33A261F64F}.Debug|x64.ActiveCfg = Debug|Any CPU
		{48E2BF96-1C93-44D0-9F12-FA33A261F64F}.Debug|x64.Build.0 = Debug|Any CPU
		{48E2BF96-1C93-44D0-9F12-FA33A261F64F}.Debug|x64.Deploy.0 = Debug|Any CPU
		{48E2BF96-1C93-44D0-9F12-FA33A261F64F}.Debug|x86.ActiveCfg = Debug|Any CPU
		{48E2BF96-1C93-44D0-9F12-FA33A261F64F}.Debug|x86.Build.0 = Debug|Any CPU
		{48E2BF96-1C93-44D0-9F12-FA33A261F64F}.Debug|x86.Deploy.0 = Debug|Any CPU
		{48E2BF96-1C93-44D0-9F12-FA33A261F64F}.Release|Any CPU.ActiveCfg = Release|Any CPU
		{48E2BF96-1C93-44D0-9F12-FA33A261F64F}.Release|Any CPU.Build.0 = Release|Any CPU
		{48E2BF96-1C93-44D0-9F12-FA33A261F64F}.Release|Any CPU.Deploy.0 = Release|Any CPU
		{48E2BF96-1C93-44D0-9F12-FA33A261F64F}.Release|ARM.ActiveCfg = Release|Any CPU
		{48E2BF96-1C93-44D0-9F12-FA33A261F64F}.Release|ARM.Build.0 = Release|Any CPU
		{48E2BF96-1C93-44D0-9F12-FA33A261F64F}.Release|ARM.Deploy.0 = Release|Any CPU
		{48E2BF96-1C93-44D0-9F12-FA33A261F64F}.Release|iPhone.ActiveCfg = Release|Any CPU
		{48E2BF96-1C93-44D0-9F12-FA33A261F64F}.Release|iPhone.Build.0 = Release|Any CPU
		{48E2BF96-1C93-44D0-9F12-FA33A261F64F}.Release|iPhone.Deploy.0 = Release|Any CPU
		{48E2BF96-1C93-44D0-9F12-FA33A261F64F}.Release|iPhoneSimulator.ActiveCfg = Release|Any CPU
		{48E2BF96-1C93-44D0-9F12-FA33A261F64F}.Release|iPhoneSimulator.Build.0 = Release|Any CPU
		{48E2BF96-1C93-44D0-9F12-FA33A261F64F}.Release|iPhoneSimulator.Deploy.0 = Release|Any CPU
		{48E2BF96-1C93-44D0-9F12-FA33A261F64F}.Release|x64.ActiveCfg = Release|Any CPU
		{48E2BF96-1C93-44D0-9F12-FA33A261F64F}.Release|x64.Build.0 = Release|Any CPU
		{48E2BF96-1C93-44D0-9F12-FA33A261F64F}.Release|x64.Deploy.0 = Release|Any CPU
		{48E2BF96-1C93-44D0-9F12-FA33A261F64F}.Release|x86.ActiveCfg = Release|Any CPU
		{48E2BF96-1C93-44D0-9F12-FA33A261F64F}.Release|x86.Build.0 = Release|Any CPU
		{48E2BF96-1C93-44D0-9F12-FA33A261F64F}.Release|x86.Deploy.0 = Release|Any CPU
		{E4793E34-8CF3-4FA1-A15D-003147466CDD}.Debug|Any CPU.ActiveCfg = Debug|iPhoneSimulator
		{E4793E34-8CF3-4FA1-A15D-003147466CDD}.Debug|Any CPU.Build.0 = Debug|iPhoneSimulator
		{E4793E34-8CF3-4FA1-A15D-003147466CDD}.Debug|Any CPU.Deploy.0 = Debug|iPhoneSimulator
		{E4793E34-8CF3-4FA1-A15D-003147466CDD}.Debug|ARM.ActiveCfg = Debug|iPhoneSimulator
		{E4793E34-8CF3-4FA1-A15D-003147466CDD}.Debug|ARM.Build.0 = Debug|iPhoneSimulator
		{E4793E34-8CF3-4FA1-A15D-003147466CDD}.Debug|ARM.Deploy.0 = Debug|iPhoneSimulator
		{E4793E34-8CF3-4FA1-A15D-003147466CDD}.Debug|iPhone.ActiveCfg = Debug|iPhone
		{E4793E34-8CF3-4FA1-A15D-003147466CDD}.Debug|iPhone.Build.0 = Debug|iPhone
		{E4793E34-8CF3-4FA1-A15D-003147466CDD}.Debug|iPhone.Deploy.0 = Debug|iPhone
		{E4793E34-8CF3-4FA1-A15D-003147466CDD}.Debug|iPhoneSimulator.ActiveCfg = Debug|iPhoneSimulator
		{E4793E34-8CF3-4FA1-A15D-003147466CDD}.Debug|iPhoneSimulator.Build.0 = Debug|iPhoneSimulator
		{E4793E34-8CF3-4FA1-A15D-003147466CDD}.Debug|iPhoneSimulator.Deploy.0 = Debug|iPhoneSimulator
		{E4793E34-8CF3-4FA1-A15D-003147466CDD}.Debug|x64.ActiveCfg = Debug|iPhone
		{E4793E34-8CF3-4FA1-A15D-003147466CDD}.Debug|x64.Build.0 = Debug|iPhone
		{E4793E34-8CF3-4FA1-A15D-003147466CDD}.Debug|x64.Deploy.0 = Debug|iPhone
		{E4793E34-8CF3-4FA1-A15D-003147466CDD}.Debug|x86.ActiveCfg = Debug|iPhoneSimulator
		{E4793E34-8CF3-4FA1-A15D-003147466CDD}.Debug|x86.Build.0 = Debug|iPhoneSimulator
		{E4793E34-8CF3-4FA1-A15D-003147466CDD}.Debug|x86.Deploy.0 = Debug|iPhoneSimulator
		{E4793E34-8CF3-4FA1-A15D-003147466CDD}.Release|Any CPU.ActiveCfg = Release|iPhoneSimulator
		{E4793E34-8CF3-4FA1-A15D-003147466CDD}.Release|Any CPU.Build.0 = Release|iPhoneSimulator
		{E4793E34-8CF3-4FA1-A15D-003147466CDD}.Release|Any CPU.Deploy.0 = Release|iPhoneSimulator
		{E4793E34-8CF3-4FA1-A15D-003147466CDD}.Release|ARM.ActiveCfg = Release|iPhoneSimulator
		{E4793E34-8CF3-4FA1-A15D-003147466CDD}.Release|ARM.Build.0 = Release|iPhoneSimulator
		{E4793E34-8CF3-4FA1-A15D-003147466CDD}.Release|ARM.Deploy.0 = Release|iPhoneSimulator
		{E4793E34-8CF3-4FA1-A15D-003147466CDD}.Release|iPhone.ActiveCfg = Release|iPhone
		{E4793E34-8CF3-4FA1-A15D-003147466CDD}.Release|iPhone.Build.0 = Release|iPhone
		{E4793E34-8CF3-4FA1-A15D-003147466CDD}.Release|iPhone.Deploy.0 = Release|iPhone
		{E4793E34-8CF3-4FA1-A15D-003147466CDD}.Release|iPhoneSimulator.ActiveCfg = Release|iPhoneSimulator
		{E4793E34-8CF3-4FA1-A15D-003147466CDD}.Release|iPhoneSimulator.Build.0 = Release|iPhoneSimulator
		{E4793E34-8CF3-4FA1-A15D-003147466CDD}.Release|iPhoneSimulator.Deploy.0 = Release|iPhoneSimulator
		{E4793E34-8CF3-4FA1-A15D-003147466CDD}.Release|x64.ActiveCfg = Release|iPhoneSimulator
		{E4793E34-8CF3-4FA1-A15D-003147466CDD}.Release|x64.Build.0 = Release|iPhoneSimulator
		{E4793E34-8CF3-4FA1-A15D-003147466CDD}.Release|x64.Deploy.0 = Release|iPhoneSimulator
		{E4793E34-8CF3-4FA1-A15D-003147466CDD}.Release|x86.ActiveCfg = Release|iPhoneSimulator
		{E4793E34-8CF3-4FA1-A15D-003147466CDD}.Release|x86.Build.0 = Release|iPhoneSimulator
		{E4793E34-8CF3-4FA1-A15D-003147466CDD}.Release|x86.Deploy.0 = Release|iPhoneSimulator
		{2E0E4AAA-59E6-4850-A2F6-8696B5EF2D7B}.Debug|Any CPU.ActiveCfg = Debug|Any CPU
		{2E0E4AAA-59E6-4850-A2F6-8696B5EF2D7B}.Debug|Any CPU.Build.0 = Debug|Any CPU
		{2E0E4AAA-59E6-4850-A2F6-8696B5EF2D7B}.Debug|Any CPU.Deploy.0 = Debug|Any CPU
		{2E0E4AAA-59E6-4850-A2F6-8696B5EF2D7B}.Debug|ARM.ActiveCfg = Debug|Any CPU
		{2E0E4AAA-59E6-4850-A2F6-8696B5EF2D7B}.Debug|ARM.Build.0 = Debug|Any CPU
		{2E0E4AAA-59E6-4850-A2F6-8696B5EF2D7B}.Debug|ARM.Deploy.0 = Debug|Any CPU
		{2E0E4AAA-59E6-4850-A2F6-8696B5EF2D7B}.Debug|iPhone.ActiveCfg = Debug|Any CPU
		{2E0E4AAA-59E6-4850-A2F6-8696B5EF2D7B}.Debug|iPhone.Build.0 = Debug|Any CPU
		{2E0E4AAA-59E6-4850-A2F6-8696B5EF2D7B}.Debug|iPhone.Deploy.0 = Debug|Any CPU
		{2E0E4AAA-59E6-4850-A2F6-8696B5EF2D7B}.Debug|iPhoneSimulator.ActiveCfg = Debug|Any CPU
		{2E0E4AAA-59E6-4850-A2F6-8696B5EF2D7B}.Debug|iPhoneSimulator.Build.0 = Debug|Any CPU
		{2E0E4AAA-59E6-4850-A2F6-8696B5EF2D7B}.Debug|iPhoneSimulator.Deploy.0 = Debug|Any CPU
		{2E0E4AAA-59E6-4850-A2F6-8696B5EF2D7B}.Debug|x64.ActiveCfg = Debug|Any CPU
		{2E0E4AAA-59E6-4850-A2F6-8696B5EF2D7B}.Debug|x64.Build.0 = Debug|Any CPU
		{2E0E4AAA-59E6-4850-A2F6-8696B5EF2D7B}.Debug|x64.Deploy.0 = Debug|Any CPU
		{2E0E4AAA-59E6-4850-A2F6-8696B5EF2D7B}.Debug|x86.ActiveCfg = Debug|Any CPU
		{2E0E4AAA-59E6-4850-A2F6-8696B5EF2D7B}.Debug|x86.Build.0 = Debug|Any CPU
		{2E0E4AAA-59E6-4850-A2F6-8696B5EF2D7B}.Debug|x86.Deploy.0 = Debug|Any CPU
		{2E0E4AAA-59E6-4850-A2F6-8696B5EF2D7B}.Release|Any CPU.ActiveCfg = Release|Any CPU
		{2E0E4AAA-59E6-4850-A2F6-8696B5EF2D7B}.Release|Any CPU.Build.0 = Release|Any CPU
		{2E0E4AAA-59E6-4850-A2F6-8696B5EF2D7B}.Release|Any CPU.Deploy.0 = Release|Any CPU
		{2E0E4AAA-59E6-4850-A2F6-8696B5EF2D7B}.Release|ARM.ActiveCfg = Release|Any CPU
		{2E0E4AAA-59E6-4850-A2F6-8696B5EF2D7B}.Release|ARM.Build.0 = Release|Any CPU
		{2E0E4AAA-59E6-4850-A2F6-8696B5EF2D7B}.Release|ARM.Deploy.0 = Release|Any CPU
		{2E0E4AAA-59E6-4850-A2F6-8696B5EF2D7B}.Release|iPhone.ActiveCfg = Release|Any CPU
		{2E0E4AAA-59E6-4850-A2F6-8696B5EF2D7B}.Release|iPhone.Build.0 = Release|Any CPU
		{2E0E4AAA-59E6-4850-A2F6-8696B5EF2D7B}.Release|iPhone.Deploy.0 = Release|Any CPU
		{2E0E4AAA-59E6-4850-A2F6-8696B5EF2D7B}.Release|iPhoneSimulator.ActiveCfg = Release|Any CPU
		{2E0E4AAA-59E6-4850-A2F6-8696B5EF2D7B}.Release|iPhoneSimulator.Build.0 = Release|Any CPU
		{2E0E4AAA-59E6-4850-A2F6-8696B5EF2D7B}.Release|iPhoneSimulator.Deploy.0 = Release|Any CPU
		{2E0E4AAA-59E6-4850-A2F6-8696B5EF2D7B}.Release|x64.ActiveCfg = Release|Any CPU
		{2E0E4AAA-59E6-4850-A2F6-8696B5EF2D7B}.Release|x64.Build.0 = Release|Any CPU
		{2E0E4AAA-59E6-4850-A2F6-8696B5EF2D7B}.Release|x64.Deploy.0 = Release|Any CPU
		{2E0E4AAA-59E6-4850-A2F6-8696B5EF2D7B}.Release|x86.ActiveCfg = Release|Any CPU
		{2E0E4AAA-59E6-4850-A2F6-8696B5EF2D7B}.Release|x86.Build.0 = Release|Any CPU
		{2E0E4AAA-59E6-4850-A2F6-8696B5EF2D7B}.Release|x86.Deploy.0 = Release|Any CPU
	EndGlobalSection
	GlobalSection(SolutionProperties) = preSolution
		HideSolutionNode = FALSE
	EndGlobalSection
	GlobalSection(ExtensibilityGlobals) = postSolution
		SolutionGuid = {FFF20E62-F685-4E59-AB74-17BA58F891C4}
	EndGlobalSection
EndGlobal
